
Microsoft Visual Studio Solution File, Format Version 12.00
# Visual Studio Version 17
VisualStudioVersion = 17.6.33829.357
MinimumVisualStudioVersion = 10.0.40219.1
Project("{FAE04EC0-301F-11D3-BF4B-00C04F79EFBC}") = "Projeto_API_19_09", "Projeto_API_19_09.csproj", "{0EFF6393-8820-45FB-9762-0E86F37D595C}"
EndProject
Global
	GlobalSection(SolutionConfigurationPlatforms) = preSolution
		Debug|Any CPU = Debug|Any CPU
		Release|Any CPU = Release|Any CPU
	EndGlobalSection
	GlobalSection(ProjectConfigurationPlatforms) = postSolution
		{0EFF6393-8820-45FB-9762-0E86F37D595C}.Debug|Any CPU.ActiveCfg = Debug|Any CPU
		{0EFF6393-8820-45FB-9762-0E86F37D595C}.Debug|Any CPU.Build.0 = Debug|Any CPU
		{0EFF6393-8820-45FB-9762-0E86F37D595C}.Release|Any CPU.ActiveCfg = Release|Any CPU
		{0EFF6393-8820-45FB-9762-0E86F37D595C}.Release|Any CPU.Build.0 = Release|Any CPU
	EndGlobalSection
	GlobalSection(SolutionProperties) = preSolution
		HideSolutionNode = FALSE
	EndGlobalSection
	GlobalSection(ExtensibilityGlobals) = postSolution
		SolutionGuid = {A6CA33C1-9DCF-47C9-8D1A-5BB32E6C6CAA}
	EndGlobalSection
EndGlobal
